
Microsoft Visual Studio Solution File, Format Version 12.00
# Visual Studio Version 16
VisualStudioVersion = 16.0.32228.343
MinimumVisualStudioVersion = 10.0.40219.1
Project("{FAE04EC0-301F-11D3-BF4B-00C04F79EFBC}") = "Task2.12", "Task2.12\Task2.12.csproj", "{093700B3-AE5A-4B1F-970F-F6099C9F4670}"
EndProject
Global
	GlobalSection(SolutionConfigurationPlatforms) = preSolution
		Debug|Any CPU = Debug|Any CPU
		Release|Any CPU = Release|Any CPU
	EndGlobalSection
	GlobalSection(ProjectConfigurationPlatforms) = postSolution
		{093700B3-AE5A-4B1F-970F-F6099C9F4670}.Debug|Any CPU.ActiveCfg = Debug|Any CPU
		{093700B3-AE5A-4B1F-970F-F6099C9F4670}.Debug|Any CPU.Build.0 = Debug|Any CPU
		{093700B3-AE5A-4B1F-970F-F6099C9F4670}.Release|Any CPU.ActiveCfg = Release|Any CPU
		{093700B3-AE5A-4B1F-970F-F6099C9F4670}.Release|Any CPU.Build.0 = Release|Any CPU
	EndGlobalSection
	GlobalSection(SolutionProperties) = preSolution
		HideSolutionNode = FALSE
	EndGlobalSection
	GlobalSection(ExtensibilityGlobals) = postSolution
		SolutionGuid = {AC2D54A2-9DF4-4B62-AC9B-14EDE8808BEA}
	EndGlobalSection
EndGlobal
